
Microsoft Visual Studio Solution File, Format Version 12.00
# Visual Studio 15
VisualStudioVersion = 15.0.27703.2000
MinimumVisualStudioVersion = 10.0.40219.1
Project("{FAE04EC0-301F-11D3-BF4B-00C04F79EFBC}") = "ScanProject", "ScanProject\ScanProject.csproj", "{586F1A59-13ED-49C5-9264-0A1D4C5E5CB9}"
EndProject
Global
	GlobalSection(SolutionConfigurationPlatforms) = preSolution
		Debug|Any CPU = Debug|Any CPU
		Release|Any CPU = Release|Any CPU
	EndGlobalSection
	GlobalSection(ProjectConfigurationPlatforms) = postSolution
		{586F1A59-13ED-49C5-9264-0A1D4C5E5CB9}.Debug|Any CPU.ActiveCfg = Debug|Any CPU
		{586F1A59-13ED-49C5-9264-0A1D4C5E5CB9}.Debug|Any CPU.Build.0 = Debug|Any CPU
		{586F1A59-13ED-49C5-9264-0A1D4C5E5CB9}.Release|Any CPU.ActiveCfg = Release|Any CPU
		{586F1A59-13ED-49C5-9264-0A1D4C5E5CB9}.Release|Any CPU.Build.0 = Release|Any CPU
	EndGlobalSection
	GlobalSection(SolutionProperties) = preSolution
		HideSolutionNode = FALSE
	EndGlobalSection
	GlobalSection(ExtensibilityGlobals) = postSolution
		SolutionGuid = {41A3690E-A1AE-481F-986D-8345EFD6FAA7}
	EndGlobalSection
EndGlobal
